
Microsoft Visual Studio Solution File, Format Version 12.00
# Visual Studio Version 17
VisualStudioVersion = 17.14.36603.0 d17.14
MinimumVisualStudioVersion = 10.0.40219.1
Project("{FAE04EC0-301F-11D3-BF4B-00C04F79EFBC}") = "API_QuanLyDangKiem", "API_QuanLyDangKiem.csproj", "{0ECDD97C-B9E3-4B06-8523-830B76F8819E}"
EndProject
Global
	GlobalSection(SolutionConfigurationPlatforms) = preSolution
		Debug|Any CPU = Debug|Any CPU
		Release|Any CPU = Release|Any CPU
	EndGlobalSection
	GlobalSection(ProjectConfigurationPlatforms) = postSolution
		{0ECDD97C-B9E3-4B06-8523-830B76F8819E}.Debug|Any CPU.ActiveCfg = Debug|Any CPU
		{0ECDD97C-B9E3-4B06-8523-830B76F8819E}.Debug|Any CPU.Build.0 = Debug|Any CPU
		{0ECDD97C-B9E3-4B06-8523-830B76F8819E}.Release|Any CPU.ActiveCfg = Release|Any CPU
		{0ECDD97C-B9E3-4B06-8523-830B76F8819E}.Release|Any CPU.Build.0 = Release|Any CPU
	EndGlobalSection
	GlobalSection(SolutionProperties) = preSolution
		HideSolutionNode = FALSE
	EndGlobalSection
	GlobalSection(ExtensibilityGlobals) = postSolution
		SolutionGuid = {82FDD7A1-7DD3-489E-AF71-D3590932E639}
	EndGlobalSection
EndGlobal
